
Microsoft Visual Studio Solution File, Format Version 12.00
Project("{FAE04EC0-301F-11D3-BF4B-00C04F79EFBC}") = "PersistentService", "PersistentService\PersistentService.csproj", "{F8C6ECBF-F5E5-40B9-9818-9C14DE99CC80}"
EndProject
Global
	GlobalSection(SolutionConfigurationPlatforms) = preSolution
		Debug|Any CPU = Debug|Any CPU
		Release|Any CPU = Release|Any CPU
	EndGlobalSection
	GlobalSection(ProjectConfigurationPlatforms) = postSolution
		{F8C6ECBF-F5E5-40B9-9818-9C14DE99CC80}.Debug|Any CPU.ActiveCfg = Debug|Any CPU
		{F8C6ECBF-F5E5-40B9-9818-9C14DE99CC80}.Debug|Any CPU.Build.0 = Debug|Any CPU
		{F8C6ECBF-F5E5-40B9-9818-9C14DE99CC80}.Release|Any CPU.ActiveCfg = Release|Any CPU
		{F8C6ECBF-F5E5-40B9-9818-9C14DE99CC80}.Release|Any CPU.Build.0 = Release|Any CPU
	EndGlobalSection
EndGlobal
